// !$*UTF8*$!
{
	archiveVersion = 1;
	classes = {
	};
	objectVersion = 50;
	objects = {

/* Begin PBXBuildFile section */
		9A2020D123A5C9E800037A09 /* AppDelegate.swift in Sources */ = {isa = PBXBuildFile; fileRef = 9A2020D023A5C9E800037A09 /* AppDelegate.swift */; };
		9A2020D323A5C9E800037A09 /* SceneDelegate.swift in Sources */ = {isa = PBXBuildFile; fileRef = 9A2020D223A5C9E800037A09 /* SceneDelegate.swift */; };
		9A2020D523A5C9E800037A09 /* UpcomingMoviesViewController.swift in Sources */ = {isa = PBXBuildFile; fileRef = 9A2020D423A5C9E800037A09 /* UpcomingMoviesViewController.swift */; };
		9A2020D823A5C9E800037A09 /* UpcomingMovies.storyboard in Resources */ = {isa = PBXBuildFile; fileRef = 9A2020D623A5C9E800037A09 /* UpcomingMovies.storyboard */; };
		9A2020DA23A5C9E900037A09 /* Assets.xcassets in Resources */ = {isa = PBXBuildFile; fileRef = 9A2020D923A5C9E900037A09 /* Assets.xcassets */; };
		9A2020DD23A5C9E900037A09 /* LaunchScreen.storyboard in Resources */ = {isa = PBXBuildFile; fileRef = 9A2020DB23A5C9E900037A09 /* LaunchScreen.storyboard */; };
		9A2020E823A5C9E900037A09 /* TheMovieDBKobeTests.swift in Sources */ = {isa = PBXBuildFile; fileRef = 9A2020E723A5C9E900037A09 /* TheMovieDBKobeTests.swift */; };
		9A2020F323A5C9E900037A09 /* TheMovieDBKobeUITests.swift in Sources */ = {isa = PBXBuildFile; fileRef = 9A2020F223A5C9E900037A09 /* TheMovieDBKobeUITests.swift */; };
		9A20210523A5CBDD00037A09 /* Router.swift in Sources */ = {isa = PBXBuildFile; fileRef = 9A20210423A5CBDD00037A09 /* Router.swift */; };
/* End PBXBuildFile section */

/* Begin PBXContainerItemProxy section */
		9A2020E423A5C9E900037A09 /* PBXContainerItemProxy */ = {
			isa = PBXContainerItemProxy;
			containerPortal = 9A2020C523A5C9E800037A09 /* Project object */;
			proxyType = 1;
			remoteGlobalIDString = 9A2020CC23A5C9E800037A09;
			remoteInfo = TheMovieDBKobe;
		};
		9A2020EF23A5C9E900037A09 /* PBXContainerItemProxy */ = {
			isa = PBXContainerItemProxy;
			containerPortal = 9A2020C523A5C9E800037A09 /* Project object */;
			proxyType = 1;
			remoteGlobalIDString = 9A2020CC23A5C9E800037A09;
			remoteInfo = TheMovieDBKobe;
		};
/* End PBXContainerItemProxy section */

/* Begin PBXFileReference section */
		9A2020CD23A5C9E800037A09 /* TheMovieDBKobe.app */ = {isa = PBXFileReference; explicitFileType = wrapper.application; includeInIndex = 0; path = TheMovieDBKobe.app; sourceTree = BUILT_PRODUCTS_DIR; };
		9A2020D023A5C9E800037A09 /* AppDelegate.swift */ = {isa = PBXFileReference; lastKnownFileType = sourcecode.swift; path = AppDelegate.swift; sourceTree = "<group>"; };
		9A2020D223A5C9E800037A09 /* SceneDelegate.swift */ = {isa = PBXFileReference; lastKnownFileType = sourcecode.swift; path = SceneDelegate.swift; sourceTree = "<group>"; };
		9A2020D423A5C9E800037A09 /* UpcomingMoviesViewController.swift */ = {isa = PBXFileReference; lastKnownFileType = sourcecode.swift; path = UpcomingMoviesViewController.swift; sourceTree = "<group>"; };
		9A2020D723A5C9E800037A09 /* Base */ = {isa = PBXFileReference; lastKnownFileType = file.storyboard; name = Base; path = Base.lproj/UpcomingMovies.storyboard; sourceTree = "<group>"; };
		9A2020D923A5C9E900037A09 /* Assets.xcassets */ = {isa = PBXFileReference; lastKnownFileType = folder.assetcatalog; path = Assets.xcassets; sourceTree = "<group>"; };
		9A2020DC23A5C9E900037A09 /* Base */ = {isa = PBXFileReference; lastKnownFileType = file.storyboard; name = Base; path = Base.lproj/LaunchScreen.storyboard; sourceTree = "<group>"; };
		9A2020DE23A5C9E900037A09 /* Info.plist */ = {isa = PBXFileReference; lastKnownFileType = text.plist.xml; path = Info.plist; sourceTree = "<group>"; };
		9A2020E323A5C9E900037A09 /* TheMovieDBKobeTests.xctest */ = {isa = PBXFileReference; explicitFileType = wrapper.cfbundle; includeInIndex = 0; path = TheMovieDBKobeTests.xctest; sourceTree = BUILT_PRODUCTS_DIR; };
		9A2020E723A5C9E900037A09 /* TheMovieDBKobeTests.swift */ = {isa = PBXFileReference; lastKnownFileType = sourcecode.swift; path = TheMovieDBKobeTests.swift; sourceTree = "<group>"; };
		9A2020E923A5C9E900037A09 /* Info.plist */ = {isa = PBXFileReference; lastKnownFileType = text.plist.xml; path = Info.plist; sourceTree = "<group>"; };
		9A2020EE23A5C9E900037A09 /* TheMovieDBKobeUITests.xctest */ = {isa = PBXFileReference; explicitFileType = wrapper.cfbundle; includeInIndex = 0; path = TheMovieDBKobeUITests.xctest; sourceTree = BUILT_PRODUCTS_DIR; };
		9A2020F223A5C9E900037A09 /* TheMovieDBKobeUITests.swift */ = {isa = PBXFileReference; lastKnownFileType = sourcecode.swift; path = TheMovieDBKobeUITests.swift; sourceTree = "<group>"; };
		9A2020F423A5C9E900037A09 /* Info.plist */ = {isa = PBXFileReference; lastKnownFileType = text.plist.xml; path = Info.plist; sourceTree = "<group>"; };
		9A20210423A5CBDD00037A09 /* Router.swift */ = {isa = PBXFileReference; lastKnownFileType = sourcecode.swift; path = Router.swift; sourceTree = "<group>"; };
/* End PBXFileReference section */

/* Begin PBXFrameworksBuildPhase section */
		9A2020CA23A5C9E800037A09 /* Frameworks */ = {
			isa = PBXFrameworksBuildPhase;
			buildActionMask = 2147483647;
			files = (
			);
			runOnlyForDeploymentPostprocessing = 0;
		};
		9A2020E023A5C9E900037A09 /* Frameworks */ = {
			isa = PBXFrameworksBuildPhase;
			buildActionMask = 2147483647;
			files = (
			);
			runOnlyForDeploymentPostprocessing = 0;
		};
		9A2020EB23A5C9E900037A09 /* Frameworks */ = {
			isa = PBXFrameworksBuildPhase;
			buildActionMask = 2147483647;
			files = (
			);
			runOnlyForDeploymentPostprocessing = 0;
		};
/* End PBXFrameworksBuildPhase section */

/* Begin PBXGroup section */
		9A2020C423A5C9E800037A09 = {
			isa = PBXGroup;
			children = (
				9A2020CF23A5C9E800037A09 /* TheMovieDBKobe */,
				9A2020E623A5C9E900037A09 /* TheMovieDBKobeTests */,
				9A2020F123A5C9E900037A09 /* TheMovieDBKobeUITests */,
				9A2020CE23A5C9E800037A09 /* Products */,
			);
			sourceTree = "<group>";
		};
		9A2020CE23A5C9E800037A09 /* Products */ = {
			isa = PBXGroup;
			children = (
				9A2020CD23A5C9E800037A09 /* TheMovieDBKobe.app */,
				9A2020E323A5C9E900037A09 /* TheMovieDBKobeTests.xctest */,
				9A2020EE23A5C9E900037A09 /* TheMovieDBKobeUITests.xctest */,
			);
			name = Products;
			sourceTree = "<group>";
		};
		9A2020CF23A5C9E800037A09 /* TheMovieDBKobe */ = {
			isa = PBXGroup;
			children = (
				9A20210323A5CB7100037A09 /* Router */,
				9A2020DE23A5C9E900037A09 /* Info.plist */,
				9A20210123A5CAF100037A09 /* ViewControllers */,
				9A20210023A5CAC400037A09 /* AppFiles */,
				9A20210223A5CAF800037A09 /* Storyboards */,
				9A2020D923A5C9E900037A09 /* Assets.xcassets */,
			);
			path = TheMovieDBKobe;
			sourceTree = "<group>";
		};
		9A2020E623A5C9E900037A09 /* TheMovieDBKobeTests */ = {
			isa = PBXGroup;
			children = (
				9A2020E723A5C9E900037A09 /* TheMovieDBKobeTests.swift */,
				9A2020E923A5C9E900037A09 /* Info.plist */,
			);
			path = TheMovieDBKobeTests;
			sourceTree = "<group>";
		};
		9A2020F123A5C9E900037A09 /* TheMovieDBKobeUITests */ = {
			isa = PBXGroup;
			children = (
				9A2020F223A5C9E900037A09 /* TheMovieDBKobeUITests.swift */,
				9A2020F423A5C9E900037A09 /* Info.plist */,
			);
			path = TheMovieDBKobeUITests;
			sourceTree = "<group>";
		};
		9A20210023A5CAC400037A09 /* AppFiles */ = {
			isa = PBXGroup;
			children = (
				9A2020D023A5C9E800037A09 /* AppDelegate.swift */,
				9A2020D223A5C9E800037A09 /* SceneDelegate.swift */,
			);
			path = AppFiles;
			sourceTree = "<group>";
		};
		9A20210123A5CAF100037A09 /* ViewControllers */ = {
			isa = PBXGroup;
			children = (
				9A2020D423A5C9E800037A09 /* UpcomingMoviesViewController.swift */,
			);
			path = ViewControllers;
			sourceTree = "<group>";
		};
		9A20210223A5CAF800037A09 /* Storyboards */ = {
			isa = PBXGroup;
			children = (
				9A2020D623A5C9E800037A09 /* UpcomingMovies.storyboard */,
				9A2020DB23A5C9E900037A09 /* LaunchScreen.storyboard */,
			);
			path = Storyboards;
			sourceTree = "<group>";
		};
		9A20210323A5CB7100037A09 /* Router */ = {
			isa = PBXGroup;
			children = (
				9A20210423A5CBDD00037A09 /* Router.swift */,
			);
			path = Router;
			sourceTree = "<group>";
		};
/* End PBXGroup section */

/* Begin PBXNativeTarget section */
		9A2020CC23A5C9E800037A09 /* TheMovieDBKobe */ = {
			isa = PBXNativeTarget;
			buildConfigurationList = 9A2020F723A5C9E900037A09 /* Build configuration list for PBXNativeTarget "TheMovieDBKobe" */;
			buildPhases = (
				9A2020C923A5C9E800037A09 /* Sources */,
				9A2020CA23A5C9E800037A09 /* Frameworks */,
				9A2020CB23A5C9E800037A09 /* Resources */,
			);
			buildRules = (
			);
			dependencies = (
			);
			name = TheMovieDBKobe;
			productName = TheMovieDBKobe;
			productReference = 9A2020CD23A5C9E800037A09 /* TheMovieDBKobe.app */;
			productType = "com.apple.product-type.application";
		};
		9A2020E223A5C9E900037A09 /* TheMovieDBKobeTests */ = {
			isa = PBXNativeTarget;
			buildConfigurationList = 9A2020FA23A5C9E900037A09 /* Build configuration list for PBXNativeTarget "TheMovieDBKobeTests" */;
			buildPhases = (
				9A2020DF23A5C9E900037A09 /* Sources */,
				9A2020E023A5C9E900037A09 /* Frameworks */,
				9A2020E123A5C9E900037A09 /* Resources */,
			);
			buildRules = (
			);
			dependencies = (
				9A2020E523A5C9E900037A09 /* PBXTargetDependency */,
			);
			name = TheMovieDBKobeTests;
			productName = TheMovieDBKobeTests;
			productReference = 9A2020E323A5C9E900037A09 /* TheMovieDBKobeTests.xctest */;
			productType = "com.apple.product-type.bundle.unit-test";
		};
		9A2020ED23A5C9E900037A09 /* TheMovieDBKobeUITests */ = {
			isa = PBXNativeTarget;
			buildConfigurationList = 9A2020FD23A5C9E900037A09 /* Build configuration list for PBXNativeTarget "TheMovieDBKobeUITests" */;
			buildPhases = (
				9A2020EA23A5C9E900037A09 /* Sources */,
				9A2020EB23A5C9E900037A09 /* Frameworks */,
				9A2020EC23A5C9E900037A09 /* Resources */,
			);
			buildRules = (
			);
			dependencies = (
				9A2020F023A5C9E900037A09 /* PBXTargetDependency */,
			);
			name = TheMovieDBKobeUITests;
			productName = TheMovieDBKobeUITests;
			productReference = 9A2020EE23A5C9E900037A09 /* TheMovieDBKobeUITests.xctest */;
			productType = "com.apple.product-type.bundle.ui-testing";
		};
/* End PBXNativeTarget section */

/* Begin PBXProject section */
		9A2020C523A5C9E800037A09 /* Project object */ = {
			isa = PBXProject;
			attributes = {
				LastSwiftUpdateCheck = 1130;
				LastUpgradeCheck = 1130;
				ORGANIZATIONNAME = "Bruno Dorneles";
				TargetAttributes = {
					9A2020CC23A5C9E800037A09 = {
						CreatedOnToolsVersion = 11.3;
					};
					9A2020E223A5C9E900037A09 = {
						CreatedOnToolsVersion = 11.3;
						TestTargetID = 9A2020CC23A5C9E800037A09;
					};
					9A2020ED23A5C9E900037A09 = {
						CreatedOnToolsVersion = 11.3;
						TestTargetID = 9A2020CC23A5C9E800037A09;
					};
				};
			};
			buildConfigurationList = 9A2020C823A5C9E800037A09 /* Build configuration list for PBXProject "TheMovieDBKobe" */;
			compatibilityVersion = "Xcode 9.3";
			developmentRegion = en;
			hasScannedForEncodings = 0;
			knownRegions = (
				en,
				Base,
			);
			mainGroup = 9A2020C423A5C9E800037A09;
			productRefGroup = 9A2020CE23A5C9E800037A09 /* Products */;
			projectDirPath = "";
			projectRoot = "";
			targets = (
				9A2020CC23A5C9E800037A09 /* TheMovieDBKobe */,
				9A2020E223A5C9E900037A09 /* TheMovieDBKobeTests */,
				9A2020ED23A5C9E900037A09 /* TheMovieDBKobeUITests */,
			);
		};
/* End PBXProject section */

/* Begin PBXResourcesBuildPhase section */
		9A2020CB23A5C9E800037A09 /* Resources */ = {
			isa = PBXResourcesBuildPhase;
			buildActionMask = 2147483647;
			files = (
				9A2020DD23A5C9E900037A09 /* LaunchScreen.storyboard in Resources */,
				9A2020DA23A5C9E900037A09 /* Assets.xcassets in Resources */,
				9A2020D823A5C9E800037A09 /* UpcomingMovies.storyboard in Resources */,
			);
			runOnlyForDeploymentPostprocessing = 0;
		};
		9A2020E123A5C9E900037A09 /* Resources */ = {
			isa = PBXResourcesBuildPhase;
			buildActionMask = 2147483647;
			files = (
			);
			runOnlyForDeploymentPostprocessing = 0;
		};
		9A2020EC23A5C9E900037A09 /* Resources */ = {
			isa = PBXResourcesBuildPhase;
			buildActionMask = 2147483647;
			files = (
			);
			runOnlyForDeploymentPostprocessing = 0;
		};
/* End PBXResourcesBuildPhase section */

/* Begin PBXSourcesBuildPhase section */
		9A2020C923A5C9E800037A09 /* Sources */ = {
			isa = PBXSourcesBuildPhase;
			buildActionMask = 2147483647;
			files = (
				9A20210523A5CBDD00037A09 /* Router.swift in Sources */,
				9A2020D523A5C9E800037A09 /* UpcomingMoviesViewController.swift in Sources */,
				9A2020D123A5C9E800037A09 /* AppDelegate.swift in Sources */,
				9A2020D323A5C9E800037A09 /* SceneDelegate.swift in Sources */,
			);
			runOnlyForDeploymentPostprocessing = 0;
		};
		9A2020DF23A5C9E900037A09 /* Sources */ = {
			isa = PBXSourcesBuildPhase;
			buildActionMask = 2147483647;
			files = (
				9A2020E823A5C9E900037A09 /* TheMovieDBKobeTests.swift in Sources */,
			);
			runOnlyForDeploymentPostprocessing = 0;
		};
		9A2020EA23A5C9E900037A09 /* Sources */ = {
			isa = PBXSourcesBuildPhase;
			buildActionMask = 2147483647;
			files = (
				9A2020F323A5C9E900037A09 /* TheMovieDBKobeUITests.swift in Sources */,
			);
			runOnlyForDeploymentPostprocessing = 0;
		};
/* End PBXSourcesBuildPhase section */

/* Begin PBXTargetDependency section */
		9A2020E523A5C9E900037A09 /* PBXTargetDependency */ = {
			isa = PBXTargetDependency;
			target = 9A2020CC23A5C9E800037A09 /* TheMovieDBKobe */;
			targetProxy = 9A2020E423A5C9E900037A09 /* PBXContainerItemProxy */;
		};
		9A2020F023A5C9E900037A09 /* PBXTargetDependency */ = {
			isa = PBXTargetDependency;
			target = 9A2020CC23A5C9E800037A09 /* TheMovieDBKobe */;
			targetProxy = 9A2020EF23A5C9E900037A09 /* PBXContainerItemProxy */;
		};
/* End PBXTargetDependency section */

/* Begin PBXVariantGroup section */
		9A2020D623A5C9E800037A09 /* UpcomingMovies.storyboard */ = {
			isa = PBXVariantGroup;
			children = (
				9A2020D723A5C9E800037A09 /* Base */,
			);
			name = UpcomingMovies.storyboard;
			sourceTree = "<group>";
		};
		9A2020DB23A5C9E900037A09 /* LaunchScreen.storyboard */ = {
			isa = PBXVariantGroup;
			children = (
				9A2020DC23A5C9E900037A09 /* Base */,
			);
			name = LaunchScreen.storyboard;
			sourceTree = "<group>";
		};
/* End PBXVariantGroup section */

/* Begin XCBuildConfiguration section */
		9A2020F523A5C9E900037A09 /* Debug */ = {
			isa = XCBuildConfiguration;
			buildSettings = {
				ALWAYS_SEARCH_USER_PATHS = NO;
				CLANG_ANALYZER_NONNULL = YES;
				CLANG_ANALYZER_NUMBER_OBJECT_CONVERSION = YES_AGGRESSIVE;
				CLANG_CXX_LANGUAGE_STANDARD = "gnu++14";
				CLANG_CXX_LIBRARY = "libc++";
				CLANG_ENABLE_MODULES = YES;
				CLANG_ENABLE_OBJC_ARC = YES;
				CLANG_ENABLE_OBJC_WEAK = YES;
				CLANG_WARN_BLOCK_CAPTURE_AUTORELEASING = YES;
				CLANG_WARN_BOOL_CONVERSION = YES;
				CLANG_WARN_COMMA = YES;
				CLANG_WARN_CONSTANT_CONVERSION = YES;
				CLANG_WARN_DEPRECATED_OBJC_IMPLEMENTATIONS = YES;
				CLANG_WARN_DIRECT_OBJC_ISA_USAGE = YES_ERROR;
				CLANG_WARN_DOCUMENTATION_COMMENTS = YES;
				CLANG_WARN_EMPTY_BODY = YES;
				CLANG_WARN_ENUM_CONVERSION = YES;
				CLANG_WARN_INFINITE_RECURSION = YES;
				CLANG_WARN_INT_CONVERSION = YES;
				CLANG_WARN_NON_LITERAL_NULL_CONVERSION = YES;
				CLANG_WARN_OBJC_IMPLICIT_RETAIN_SELF = YES;
				CLANG_WARN_OBJC_LITERAL_CONVERSION = YES;
				CLANG_WARN_OBJC_ROOT_CLASS = YES_ERROR;
				CLANG_WARN_RANGE_LOOP_ANALYSIS = YES;
				CLANG_WARN_STRICT_PROTOTYPES = YES;
				CLANG_WARN_SUSPICIOUS_MOVE = YES;
				CLANG_WARN_UNGUARDED_AVAILABILITY = YES_AGGRESSIVE;
				CLANG_WARN_UNREACHABLE_CODE = YES;
				CLANG_WARN__DUPLICATE_METHOD_MATCH = YES;
				COPY_PHASE_STRIP = NO;
				DEBUG_INFORMATION_FORMAT = dwarf;
				ENABLE_STRICT_OBJC_MSGSEND = YES;
				ENABLE_TESTABILITY = YES;
				GCC_C_LANGUAGE_STANDARD = gnu11;
				GCC_DYNAMIC_NO_PIC = NO;
				GCC_NO_COMMON_BLOCKS = YES;
				GCC_OPTIMIZATION_LEVEL = 0;
				GCC_PREPROCESSOR_DEFINITIONS = (
					"DEBUG=1",
					"$(inherited)",
				);
				GCC_WARN_64_TO_32_BIT_CONVERSION = YES;
				GCC_WARN_ABOUT_RETURN_TYPE = YES_ERROR;
				GCC_WARN_UNDECLARED_SELECTOR = YES;
				GCC_WARN_UNINITIALIZED_AUTOS = YES_AGGRESSIVE;
				GCC_WARN_UNUSED_FUNCTION = YES;
				GCC_WARN_UNUSED_VARIABLE = YES;
				IPHONEOS_DEPLOYMENT_TARGET = 13.2;
				MTL_ENABLE_DEBUG_INFO = INCLUDE_SOURCE;
				MTL_FAST_MATH = YES;
				ONLY_ACTIVE_ARCH = YES;
				SDKROOT = iphoneos;
				SWIFT_ACTIVE_COMPILATION_CONDITIONS = DEBUG;
				SWIFT_OPTIMIZATION_LEVEL = "-Onone";
			};
			name = Debug;
		};
		9A2020F623A5C9E900037A09 /* Release */ = {
			isa = XCBuildConfiguration;
			buildSettings = {
				ALWAYS_SEARCH_USER_PATHS = NO;
				CLANG_ANALYZER_NONNULL = YES;
				CLANG_ANALYZER_NUMBER_OBJECT_CONVERSION = YES_AGGRESSIVE;
				CLANG_CXX_LANGUAGE_STANDARD = "gnu++14";
				CLANG_CXX_LIBRARY = "libc++";
				CLANG_ENABLE_MODULES = YES;
				CLANG_ENABLE_OBJC_ARC = YES;
				CLANG_ENABLE_OBJC_WEAK = YES;
				CLANG_WARN_BLOCK_CAPTURE_AUTORELEASING = YES;
				CLANG_WARN_BOOL_CONVERSION = YES;
				CLANG_WARN_COMMA = YES;
				CLANG_WARN_CONSTANT_CONVERSION = YES;
				CLANG_WARN_DEPRECATED_OBJC_IMPLEMENTATIONS = YES;
				CLANG_WARN_DIRECT_OBJC_ISA_USAGE = YES_ERROR;
				CLANG_WARN_DOCUMENTATION_COMMENTS = YES;
				CLANG_WARN_EMPTY_BODY = YES;
				CLANG_WARN_ENUM_CONVERSION = YES;
				CLANG_WARN_INFINITE_RECURSION = YES;
				CLANG_WARN_INT_CONVERSION = YES;
				CLANG_WARN_NON_LITERAL_NULL_CONVERSION = YES;
				CLANG_WARN_OBJC_IMPLICIT_RETAIN_SELF = YES;
				CLANG_WARN_OBJC_LITERAL_CONVERSION = YES;
				CLANG_WARN_OBJC_ROOT_CLASS = YES_ERROR;
				CLANG_WARN_RANGE_LOOP_ANALYSIS = YES;
				CLANG_WARN_STRICT_PROTOTYPES = YES;
				CLANG_WARN_SUSPICIOUS_MOVE = YES;
				CLANG_WARN_UNGUARDED_AVAILABILITY = YES_AGGRESSIVE;
				CLANG_WARN_UNREACHABLE_CODE = YES;
				CLANG_WARN__DUPLICATE_METHOD_MATCH = YES;
				COPY_PHASE_STRIP = NO;
				DEBUG_INFORMATION_FORMAT = "dwarf-with-dsym";
				ENABLE_NS_ASSERTIONS = NO;
				ENABLE_STRICT_OBJC_MSGSEND = YES;
				GCC_C_LANGUAGE_STANDARD = gnu11;
				GCC_NO_COMMON_BLOCKS = YES;
				GCC_WARN_64_TO_32_BIT_CONVERSION = YES;
				GCC_WARN_ABOUT_RETURN_TYPE = YES_ERROR;
				GCC_WARN_UNDECLARED_SELECTOR = YES;
				GCC_WARN_UNINITIALIZED_AUTOS = YES_AGGRESSIVE;
				GCC_WARN_UNUSED_FUNCTION = YES;
				GCC_WARN_UNUSED_VARIABLE = YES;
				IPHONEOS_DEPLOYMENT_TARGET = 13.2;
				MTL_ENABLE_DEBUG_INFO = NO;
				MTL_FAST_MATH = YES;
				SDKROOT = iphoneos;
				SWIFT_COMPILATION_MODE = wholemodule;
				SWIFT_OPTIMIZATION_LEVEL = "-O";
				VALIDATE_PRODUCT = YES;
			};
			name = Release;
		};
		9A2020F823A5C9E900037A09 /* Debug */ = {
			isa = XCBuildConfiguration;
			buildSettings = {
				ASSETCATALOG_COMPILER_APPICON_NAME = AppIcon;
				CODE_SIGN_STYLE = Automatic;
				DEVELOPMENT_TEAM = 536GDVGJ68;
				INFOPLIST_FILE = TheMovieDBKobe/Info.plist;
				LD_RUNPATH_SEARCH_PATHS = (
					"$(inherited)",
					"@executable_path/Frameworks",
				);
				PRODUCT_BUNDLE_IDENTIFIER = BrunoDorneles.TheMovieDBKobe;
				PRODUCT_NAME = "$(TARGET_NAME)";
				SWIFT_VERSION = 5.0;
				TARGETED_DEVICE_FAMILY = "1,2";
			};
			name = Debug;
		};
		9A2020F923A5C9E900037A09 /* Release */ = {
			isa = XCBuildConfiguration;
			buildSettings = {
				ASSETCATALOG_COMPILER_APPICON_NAME = AppIcon;
				CODE_SIGN_STYLE = Automatic;
				DEVELOPMENT_TEAM = 536GDVGJ68;
				INFOPLIST_FILE = TheMovieDBKobe/Info.plist;
				LD_RUNPATH_SEARCH_PATHS = (
					"$(inherited)",
					"@executable_path/Frameworks",
				);
				PRODUCT_BUNDLE_IDENTIFIER = BrunoDorneles.TheMovieDBKobe;
				PRODUCT_NAME = "$(TARGET_NAME)";
				SWIFT_VERSION = 5.0;
				TARGETED_DEVICE_FAMILY = "1,2";
			};
			name = Release;
		};
		9A2020FB23A5C9E900037A09 /* Debug */ = {
			isa = XCBuildConfiguration;
			buildSettings = {
				ALWAYS_EMBED_SWIFT_STANDARD_LIBRARIES = YES;
				BUNDLE_LOADER = "$(TEST_HOST)";
				CODE_SIGN_STYLE = Automatic;
				DEVELOPMENT_TEAM = 536GDVGJ68;
				INFOPLIST_FILE = TheMovieDBKobeTests/Info.plist;
				IPHONEOS_DEPLOYMENT_TARGET = 13.2;
				LD_RUNPATH_SEARCH_PATHS = (
					"$(inherited)",
					"@executable_path/Frameworks",
					"@loader_path/Frameworks",
				);
				PRODUCT_BUNDLE_IDENTIFIER = BrunoDorneles.TheMovieDBKobeTests;
				PRODUCT_NAME = "$(TARGET_NAME)";
				SWIFT_VERSION = 5.0;
				TARGETED_DEVICE_FAMILY = "1,2";
				TEST_HOST = "$(BUILT_PRODUCTS_DIR)/TheMovieDBKobe.app/TheMovieDBKobe";
			};
			name = Debug;
		};
		9A2020FC23A5C9E900037A09 /* Release */ = {
			isa = XCBuildConfiguration;
			buildSettings = {
				ALWAYS_EMBED_SWIFT_STANDARD_LIBRARIES = YES;
				BUNDLE_LOADER = "$(TEST_HOST)";
				CODE_SIGN_STYLE = Automatic;
				DEVELOPMENT_TEAM = 536GDVGJ68;
				INFOPLIST_FILE = TheMovieDBKobeTests/Info.plist;
				IPHONEOS_DEPLOYMENT_TARGET = 13.2;
				LD_RUNPATH_SEARCH_PATHS = (
					"$(inherited)",
					"@executable_path/Frameworks",
					"@loader_path/Frameworks",
				);
				PRODUCT_BUNDLE_IDENTIFIER = BrunoDorneles.TheMovieDBKobeTests;
				PRODUCT_NAME = "$(TARGET_NAME)";
				SWIFT_VERSION = 5.0;
				TARGETED_DEVICE_FAMILY = "1,2";
				TEST_HOST = "$(BUILT_PRODUCTS_DIR)/TheMovieDBKobe.app/TheMovieDBKobe";
			};
			name = Release;
		};
		9A2020FE23A5C9E900037A09 /* Debug */ = {
			isa = XCBuildConfiguration;
			buildSettings = {
				ALWAYS_EMBED_SWIFT_STANDARD_LIBRARIES = YES;
				CODE_SIGN_STYLE = Automatic;
				DEVELOPMENT_TEAM = 536GDVGJ68;
				INFOPLIST_FILE = TheMovieDBKobeUITests/Info.plist;
				LD_RUNPATH_SEARCH_PATHS = (
					"$(inherited)",
					"@executable_path/Frameworks",
					"@loader_path/Frameworks",
				);
				PRODUCT_BUNDLE_IDENTIFIER = BrunoDorneles.TheMovieDBKobeUITests;
				PRODUCT_NAME = "$(TARGET_NAME)";
				SWIFT_VERSION = 5.0;
				TARGETED_DEVICE_FAMILY = "1,2";
				TEST_TARGET_NAME = TheMovieDBKobe;
			};
			name = Debug;
		};
		9A2020FF23A5C9E900037A09 /* Release */ = {
			isa = XCBuildConfiguration;
			buildSettings = {
				ALWAYS_EMBED_SWIFT_STANDARD_LIBRARIES = YES;
				CODE_SIGN_STYLE = Automatic;
				DEVELOPMENT_TEAM = 536GDVGJ68;
				INFOPLIST_FILE = TheMovieDBKobeUITests/Info.plist;
				LD_RUNPATH_SEARCH_PATHS = (
					"$(inherited)",
					"@executable_path/Frameworks",
					"@loader_path/Frameworks",
				);
				PRODUCT_BUNDLE_IDENTIFIER = BrunoDorneles.TheMovieDBKobeUITests;
				PRODUCT_NAME = "$(TARGET_NAME)";
				SWIFT_VERSION = 5.0;
				TARGETED_DEVICE_FAMILY = "1,2";
				TEST_TARGET_NAME = TheMovieDBKobe;
			};
			name = Release;
		};
/* End XCBuildConfiguration section */

/* Begin XCConfigurationList section */
		9A2020C823A5C9E800037A09 /* Build configuration list for PBXProject "TheMovieDBKobe" */ = {
			isa = XCConfigurationList;
			buildConfigurations = (
				9A2020F523A5C9E900037A09 /* Debug */,
				9A2020F623A5C9E900037A09 /* Release */,
			);
			defaultConfigurationIsVisible = 0;
			defaultConfigurationName = Release;
		};
		9A2020F723A5C9E900037A09 /* Build configuration list for PBXNativeTarget "TheMovieDBKobe" */ = {
			isa = XCConfigurationList;
			buildConfigurations = (
				9A2020F823A5C9E900037A09 /* Debug */,
				9A2020F923A5C9E900037A09 /* Release */,
			);
			defaultConfigurationIsVisible = 0;
			defaultConfigurationName = Release;
		};
		9A2020FA23A5C9E900037A09 /* Build configuration list for PBXNativeTarget "TheMovieDBKobeTests" */ = {
			isa = XCConfigurationList;
			buildConfigurations = (
				9A2020FB23A5C9E900037A09 /* Debug */,
				9A2020FC23A5C9E900037A09 /* Release */,
			);
			defaultConfigurationIsVisible = 0;
			defaultConfigurationName = Release;
		};
		9A2020FD23A5C9E900037A09 /* Build configuration list for PBXNativeTarget "TheMovieDBKobeUITests" */ = {
			isa = XCConfigurationList;
			buildConfigurations = (
				9A2020FE23A5C9E900037A09 /* Debug */,
				9A2020FF23A5C9E900037A09 /* Release */,
			);
			defaultConfigurationIsVisible = 0;
			defaultConfigurationName = Release;
		};
/* End XCConfigurationList section */
	};
	rootObject = 9A2020C523A5C9E800037A09 /* Project object */;
}
